
Microsoft Visual Studio Solution File, Format Version 12.00
# Visual Studio Version 17
VisualStudioVersion = 17.9.34701.34
MinimumVisualStudioVersion = 10.0.40219.1
Project("{FAE04EC0-301F-11D3-BF4B-00C04F79EFBC}") = "Lab02_1", "Lab02\Lab02_1.csproj", "{4899EB73-22BE-41C9-868B-EC4C24277C4B}"
EndProject
Project("{FAE04EC0-301F-11D3-BF4B-00C04F79EFBC}") = "Lab02_2", "Lab02_2\Lab02_2.csproj", "{625CDF75-6EFD-4A14-BEB2-0BE16ED45214}"
EndProject
Project("{FAE04EC0-301F-11D3-BF4B-00C04F79EFBC}") = "Lab02_3", "Lab02_3\Lab02_3.csproj", "{D64CC7B9-479B-49B1-9AE0-734E41EEE21F}"
EndProject
Project("{FAE04EC0-301F-11D3-BF4B-00C04F79EFBC}") = "Lab02_4", "Lab02_4\Lab02_4.csproj", "{5B201863-4764-42AA-932D-CD718FE9A00B}"
EndProject
Global
	GlobalSection(SolutionConfigurationPlatforms) = preSolution
		Debug|Any CPU = Debug|Any CPU
		Release|Any CPU = Release|Any CPU
	EndGlobalSection
	GlobalSection(ProjectConfigurationPlatforms) = postSolution
		{4899EB73-22BE-41C9-868B-EC4C24277C4B}.Debug|Any CPU.ActiveCfg = Debug|Any CPU
		{4899EB73-22BE-41C9-868B-EC4C24277C4B}.Debug|Any CPU.Build.0 = Debug|Any CPU
		{4899EB73-22BE-41C9-868B-EC4C24277C4B}.Release|Any CPU.ActiveCfg = Release|Any CPU
		{4899EB73-22BE-41C9-868B-EC4C24277C4B}.Release|Any CPU.Build.0 = Release|Any CPU
		{625CDF75-6EFD-4A14-BEB2-0BE16ED45214}.Debug|Any CPU.ActiveCfg = Debug|Any CPU
		{625CDF75-6EFD-4A14-BEB2-0BE16ED45214}.Debug|Any CPU.Build.0 = Debug|Any CPU
		{625CDF75-6EFD-4A14-BEB2-0BE16ED45214}.Release|Any CPU.ActiveCfg = Release|Any CPU
		{625CDF75-6EFD-4A14-BEB2-0BE16ED45214}.Release|Any CPU.Build.0 = Release|Any CPU
		{D64CC7B9-479B-49B1-9AE0-734E41EEE21F}.Debug|Any CPU.ActiveCfg = Debug|Any CPU
		{D64CC7B9-479B-49B1-9AE0-734E41EEE21F}.Debug|Any CPU.Build.0 = Debug|Any CPU
		{D64CC7B9-479B-49B1-9AE0-734E41EEE21F}.Release|Any CPU.ActiveCfg = Release|Any CPU
		{D64CC7B9-479B-49B1-9AE0-734E41EEE21F}.Release|Any CPU.Build.0 = Release|Any CPU
		{5B201863-4764-42AA-932D-CD718FE9A00B}.Debug|Any CPU.ActiveCfg = Debug|Any CPU
		{5B201863-4764-42AA-932D-CD718FE9A00B}.Debug|Any CPU.Build.0 = Debug|Any CPU
		{5B201863-4764-42AA-932D-CD718FE9A00B}.Release|Any CPU.ActiveCfg = Release|Any CPU
		{5B201863-4764-42AA-932D-CD718FE9A00B}.Release|Any CPU.Build.0 = Release|Any CPU
	EndGlobalSection
	GlobalSection(SolutionProperties) = preSolution
		HideSolutionNode = FALSE
	EndGlobalSection
	GlobalSection(ExtensibilityGlobals) = postSolution
		SolutionGuid = {43DC4528-8626-4E43-B451-493FF820C081}
	EndGlobalSection
EndGlobal
